
Microsoft Visual Studio Solution File, Format Version 12.00
# Visual Studio 15
VisualStudioVersion = 15.0.27703.2042
MinimumVisualStudioVersion = 10.0.40219.1
Project("{FAE04EC0-301F-11D3-BF4B-00C04F79EFBC}") = "CommonLib", "CommonLib\CommonLib.csproj", "{AA6A310E-B40E-4D78-972A-659CE2E991E0}"
EndProject
Global
	GlobalSection(SolutionConfigurationPlatforms) = preSolution
		Debug|Any CPU = Debug|Any CPU
		Release|Any CPU = Release|Any CPU
	EndGlobalSection
	GlobalSection(ProjectConfigurationPlatforms) = postSolution
		{AA6A310E-B40E-4D78-972A-659CE2E991E0}.Debug|Any CPU.ActiveCfg = Debug|Any CPU
		{AA6A310E-B40E-4D78-972A-659CE2E991E0}.Debug|Any CPU.Build.0 = Debug|Any CPU
		{AA6A310E-B40E-4D78-972A-659CE2E991E0}.Release|Any CPU.ActiveCfg = Release|Any CPU
		{AA6A310E-B40E-4D78-972A-659CE2E991E0}.Release|Any CPU.Build.0 = Release|Any CPU
	EndGlobalSection
	GlobalSection(SolutionProperties) = preSolution
		HideSolutionNode = FALSE
	EndGlobalSection
	GlobalSection(ExtensibilityGlobals) = postSolution
		SolutionGuid = {61F86A7F-FF16-470F-A0F1-0B0899F261DE}
	EndGlobalSection
EndGlobal
